
Microsoft Visual Studio Solution File, Format Version 12.00
# Visual Studio Version 17
VisualStudioVersion = 17.4.33110.190
MinimumVisualStudioVersion = 10.0.40219.1
Project("{FAE04EC0-301F-11D3-BF4B-00C04F79EFBC}") = "Repository pattern library", "Repository pattern library\Repository pattern library.csproj", "{46FB8A90-48CE-4521-975A-A1BB3BCA4786}"
EndProject
Project("{9A19103F-16F7-4668-BE54-9A1E7A4F7556}") = "Pattern App", "Pattern App\Pattern App.csproj", "{8D1D1493-C015-43C7-B625-893DDC4C5FED}"
EndProject
Global
	GlobalSection(SolutionConfigurationPlatforms) = preSolution
		Debug|Any CPU = Debug|Any CPU
		Release|Any CPU = Release|Any CPU
	EndGlobalSection
	GlobalSection(ProjectConfigurationPlatforms) = postSolution
		{46FB8A90-48CE-4521-975A-A1BB3BCA4786}.Debug|Any CPU.ActiveCfg = Debug|Any CPU
		{46FB8A90-48CE-4521-975A-A1BB3BCA4786}.Debug|Any CPU.Build.0 = Debug|Any CPU
		{46FB8A90-48CE-4521-975A-A1BB3BCA4786}.Release|Any CPU.ActiveCfg = Release|Any CPU
		{46FB8A90-48CE-4521-975A-A1BB3BCA4786}.Release|Any CPU.Build.0 = Release|Any CPU
		{8D1D1493-C015-43C7-B625-893DDC4C5FED}.Debug|Any CPU.ActiveCfg = Debug|Any CPU
		{8D1D1493-C015-43C7-B625-893DDC4C5FED}.Debug|Any CPU.Build.0 = Debug|Any CPU
		{8D1D1493-C015-43C7-B625-893DDC4C5FED}.Release|Any CPU.ActiveCfg = Release|Any CPU
		{8D1D1493-C015-43C7-B625-893DDC4C5FED}.Release|Any CPU.Build.0 = Release|Any CPU
	EndGlobalSection
	GlobalSection(SolutionProperties) = preSolution
		HideSolutionNode = FALSE
	EndGlobalSection
	GlobalSection(ExtensibilityGlobals) = postSolution
		SolutionGuid = {4293F4A9-ECAD-4D77-B135-004BFCFF3CFE}
	EndGlobalSection
EndGlobal
